
Microsoft Visual Studio Solution File, Format Version 10.00
# Visual Studio 2008
Project("{FAE04EC0-301F-11D3-BF4B-00C04F79EFBC}") = "ClassLibrary3", "ClassLibrary3\ClassLibrary3.csproj", "{B4711657-3700-448C-B13F-D4148A4E3AB1}"
EndProject
Project("{FAE04EC0-301F-11D3-BF4B-00C04F79EFBC}") = "WindowsFormsApplication1", "WindowsFormsApplication1\WindowsFormsApplication1.csproj", "{6147F983-BA36-473F-96EE-E22C0CBAAF9C}"
EndProject
Global
	GlobalSection(SolutionConfigurationPlatforms) = preSolution
		Debug|Any CPU = Debug|Any CPU
		Release|Any CPU = Release|Any CPU
	EndGlobalSection
	GlobalSection(ProjectConfigurationPlatforms) = postSolution
		{B4711657-3700-448C-B13F-D4148A4E3AB1}.Debug|Any CPU.ActiveCfg = Debug|Any CPU
		{B4711657-3700-448C-B13F-D4148A4E3AB1}.Debug|Any CPU.Build.0 = Debug|Any CPU
		{B4711657-3700-448C-B13F-D4148A4E3AB1}.Release|Any CPU.ActiveCfg = Release|Any CPU
		{B4711657-3700-448C-B13F-D4148A4E3AB1}.Release|Any CPU.Build.0 = Release|Any CPU
		{6147F983-BA36-473F-96EE-E22C0CBAAF9C}.Debug|Any CPU.ActiveCfg = Debug|Any CPU
		{6147F983-BA36-473F-96EE-E22C0CBAAF9C}.Debug|Any CPU.Build.0 = Debug|Any CPU
		{6147F983-BA36-473F-96EE-E22C0CBAAF9C}.Release|Any CPU.ActiveCfg = Release|Any CPU
		{6147F983-BA36-473F-96EE-E22C0CBAAF9C}.Release|Any CPU.Build.0 = Release|Any CPU
	EndGlobalSection
	GlobalSection(SolutionProperties) = preSolution
		HideSolutionNode = FALSE
	EndGlobalSection
EndGlobal
